{
    "_readme": [
        "This file locks the dependencies of your project to a known state",
        "Read more about it at https://getcomposer.org/doc/01-basic-usage.md#installing-dependencies",
        "This file is @generated automatically"
    ],
    "content-hash": "17ba7be454e1c50fca673f1c0edba679",
    "packages": [
        {
            "name": "fguillot/json-rpc",
            "version": "v1.2.5",
            "source": {
                "type": "git",
                "url": "https://github.com/fguillot/JsonRPC.git",
                "reference": "fa075cc89c1ae5f0c4123d27772e5caeac045946"
            },
            "dist": {
                "type": "zip",
                "url": "https://api.github.com/repos/fguillot/JsonRPC/zipball/fa075cc89c1ae5f0c4123d27772e5caeac045946",
                "reference": "fa075cc89c1ae5f0c4123d27772e5caeac045946",
                "shasum": ""
            },
            "require": {
                "php": ">=5.3.4"
            },
            "require-dev": {
                "phpunit/phpunit": "4.8.*"
            },
            "type": "library",
            "autoload": {
                "psr-0": {
                    "JsonRPC": "src/"
                }
            },
            "notification-url": "https://packagist.org/downloads/",
            "license": [
                "MIT"
            ],
            "authors": [
                {
                    "name": "Frédéric Guillot"
                }
            ],
            "description": "Simple Json-RPC client/server library that just works",
            "homepage": "https://github.com/fguillot/JsonRPC",
            "time": "2018-02-21T23:58:51+00:00"
        }
    ],
    "packages-dev": [],
    "aliases": [],
    "minimum-stability": "stable",
    "stability-flags": [],
    "prefer-stable": false,
    "prefer-lowest": false,
    "platform": [],
    "platform-dev": []
}
